
Microsoft Visual Studio Solution File, Format Version 12.00
# Visual Studio Version 16
VisualStudioVersion = 16.0.30503.244
MinimumVisualStudioVersion = 10.0.40219.1
Project("{FAE04EC0-301F-11D3-BF4B-00C04F79EFBC}") = "TabInt", "TabInt\TabInt.csproj", "{8B2FB8F4-5008-41E3-A23F-5B4441C3E312}"
EndProject
Global
	GlobalSection(SolutionConfigurationPlatforms) = preSolution
		Debug|Any CPU = Debug|Any CPU
		Release|Any CPU = Release|Any CPU
	EndGlobalSection
	GlobalSection(ProjectConfigurationPlatforms) = postSolution
		{8B2FB8F4-5008-41E3-A23F-5B4441C3E312}.Debug|Any CPU.ActiveCfg = Debug|Any CPU
		{8B2FB8F4-5008-41E3-A23F-5B4441C3E312}.Debug|Any CPU.Build.0 = Debug|Any CPU
		{8B2FB8F4-5008-41E3-A23F-5B4441C3E312}.Release|Any CPU.ActiveCfg = Release|Any CPU
		{8B2FB8F4-5008-41E3-A23F-5B4441C3E312}.Release|Any CPU.Build.0 = Release|Any CPU
	EndGlobalSection
	GlobalSection(SolutionProperties) = preSolution
		HideSolutionNode = FALSE
	EndGlobalSection
	GlobalSection(ExtensibilityGlobals) = postSolution
		SolutionGuid = {2816A3A1-07A2-4806-9D44-CE5AC780E034}
	EndGlobalSection
EndGlobal
